{
  "name": "bells-and-watches",
  "version": "1.0.0",
  "lockfileVersion": 1,
  "requires": true,
  "dependencies": {
    "date-fns": {
      "version": "2.6.0",
      "resolved": "https://registry.npmjs.org/date-fns/-/date-fns-2.6.0.tgz",
      "integrity": "sha512-F55YxqRdEfP/eYQmQjLN798v0AwLjmZ8nMBjdQvNwEE3N/zWVrlkkqT+9seBlPlsbkybG4JmWg3Ee3dIV9BcGQ=="
    },
    "sunrise-sunset-js": {
      "version": "2.1.1",
      "resolved": "https://registry.npmjs.org/sunrise-sunset-js/-/sunrise-sunset-js-2.1.1.tgz",
      "integrity": "sha512-wtT0iDRdYcwDGCMJ9GYLRtJNeemgQZsfwW9/7BO5OJ0JA+/eXpviYFyi/4/h5G3LkfHVC8jiFy5au5yYGeW/JA=="
    }
  }
}
